
Microsoft Visual Studio Solution File, Format Version 12.00
# Visual Studio Version 17
VisualStudioVersion = 17.9.34622.214
MinimumVisualStudioVersion = 10.0.40219.1
Project("{FAE04EC0-301F-11D3-BF4B-00C04F79EFBC}") = "Delegate", "Delegate\Delegate.csproj", "{8F121511-55CC-4B13-AF88-D8DA498252E6}"
EndProject
Global
	GlobalSection(SolutionConfigurationPlatforms) = preSolution
		Debug|Any CPU = Debug|Any CPU
		Release|Any CPU = Release|Any CPU
	EndGlobalSection
	GlobalSection(ProjectConfigurationPlatforms) = postSolution
		{8F121511-55CC-4B13-AF88-D8DA498252E6}.Debug|Any CPU.ActiveCfg = Debug|Any CPU
		{8F121511-55CC-4B13-AF88-D8DA498252E6}.Debug|Any CPU.Build.0 = Debug|Any CPU
		{8F121511-55CC-4B13-AF88-D8DA498252E6}.Release|Any CPU.ActiveCfg = Release|Any CPU
		{8F121511-55CC-4B13-AF88-D8DA498252E6}.Release|Any CPU.Build.0 = Release|Any CPU
	EndGlobalSection
	GlobalSection(SolutionProperties) = preSolution
		HideSolutionNode = FALSE
	EndGlobalSection
	GlobalSection(ExtensibilityGlobals) = postSolution
		SolutionGuid = {B006ABBC-5773-4CDF-8DD5-E2D37F1660BC}
	EndGlobalSection
EndGlobal
